// !$*UTF8*$!
{
	archiveVersion = 1;
	classes = {
	};
	objectVersion = 46;
	objects = {

/* Begin PBXBuildFile section */
		76F7DC5F1E95DA0500D8363A /* AppDelegate.swift in Sources */ = {isa = PBXBuildFile; fileRef = 76F7DC5E1E95DA0500D8363A /* AppDelegate.swift */; };
		76F7DC611E95DA0500D8363A /* ViewController.swift in Sources */ = {isa = PBXBuildFile; fileRef = 76F7DC601E95DA0500D8363A /* ViewController.swift */; };
		76F7DC641E95DA0500D8363A /* Main.storyboard in Resources */ = {isa = PBXBuildFile; fileRef = 76F7DC621E95DA0500D8363A /* Main.storyboard */; };
		76F7DC661E95DA0500D8363A /* Assets.xcassets in Resources */ = {isa = PBXBuildFile; fileRef = 76F7DC651E95DA0500D8363A /* Assets.xcassets */; };
		76F7DC691E95DA0500D8363A /* LaunchScreen.storyboard in Resources */ = {isa = PBXBuildFile; fileRef = 76F7DC671E95DA0500D8363A /* LaunchScreen.storyboard */; };
		76F7DC741E95DA0500D8363A /* TindyTests.swift in Sources */ = {isa = PBXBuildFile; fileRef = 76F7DC731E95DA0500D8363A /* TindyTests.swift */; };
		76F7DC7F1E95DA0500D8363A /* TindyUITests.swift in Sources */ = {isa = PBXBuildFile; fileRef = 76F7DC7E1E95DA0500D8363A /* TindyUITests.swift */; };
		76F7DC8D1E95DA7200D8363A /* CardsViewController.swift in Sources */ = {isa = PBXBuildFile; fileRef = 76F7DC8C1E95DA7200D8363A /* CardsViewController.swift */; };
		76F7DC8F1E961AA400D8363A /* ProfileViewController.swift in Sources */ = {isa = PBXBuildFile; fileRef = 76F7DC8E1E961AA400D8363A /* ProfileViewController.swift */; };
/* End PBXBuildFile section */

/* Begin PBXContainerItemProxy section */
		76F7DC701E95DA0500D8363A /* PBXContainerItemProxy */ = {
			isa = PBXContainerItemProxy;
			containerPortal = 76F7DC531E95DA0500D8363A /* Project object */;
			proxyType = 1;
			remoteGlobalIDString = 76F7DC5A1E95DA0500D8363A;
			remoteInfo = Tindy;
		};
		76F7DC7B1E95DA0500D8363A /* PBXContainerItemProxy */ = {
			isa = PBXContainerItemProxy;
			containerPortal = 76F7DC531E95DA0500D8363A /* Project object */;
			proxyType = 1;
			remoteGlobalIDString = 76F7DC5A1E95DA0500D8363A;
			remoteInfo = Tindy;
		};
/* End PBXContainerItemProxy section */

/* Begin PBXFileReference section */
		76F7DC5B1E95DA0500D8363A /* Tindy.app */ = {isa = PBXFileReference; explicitFileType = wrapper.application; includeInIndex = 0; path = Tindy.app; sourceTree = BUILT_PRODUCTS_DIR; };
		76F7DC5E1E95DA0500D8363A /* AppDelegate.swift */ = {isa = PBXFileReference; lastKnownFileType = sourcecode.swift; path = AppDelegate.swift; sourceTree = "<group>"; };
		76F7DC601E95DA0500D8363A /* ViewController.swift */ = {isa = PBXFileReference; lastKnownFileType = sourcecode.swift; path = ViewController.swift; sourceTree = "<group>"; };
		76F7DC631E95DA0500D8363A /* Base */ = {isa = PBXFileReference; lastKnownFileType = file.storyboard; name = Base; path = Base.lproj/Main.storyboard; sourceTree = "<group>"; };
		76F7DC651E95DA0500D8363A /* Assets.xcassets */ = {isa = PBXFileReference; lastKnownFileType = folder.assetcatalog; path = Assets.xcassets; sourceTree = "<group>"; };
		76F7DC681E95DA0500D8363A /* Base */ = {isa = PBXFileReference; lastKnownFileType = file.storyboard; name = Base; path = Base.lproj/LaunchScreen.storyboard; sourceTree = "<group>"; };
		76F7DC6A1E95DA0500D8363A /* Info.plist */ = {isa = PBXFileReference; lastKnownFileType = text.plist.xml; path = Info.plist; sourceTree = "<group>"; };
		76F7DC6F1E95DA0500D8363A /* TindyTests.xctest */ = {isa = PBXFileReference; explicitFileType = wrapper.cfbundle; includeInIndex = 0; path = TindyTests.xctest; sourceTree = BUILT_PRODUCTS_DIR; };
		76F7DC731E95DA0500D8363A /* TindyTests.swift */ = {isa = PBXFileReference; lastKnownFileType = sourcecode.swift; path = TindyTests.swift; sourceTree = "<group>"; };
		76F7DC751E95DA0500D8363A /* Info.plist */ = {isa = PBXFileReference; lastKnownFileType = text.plist.xml; path = Info.plist; sourceTree = "<group>"; };
		76F7DC7A1E95DA0500D8363A /* TindyUITests.xctest */ = {isa = PBXFileReference; explicitFileType = wrapper.cfbundle; includeInIndex = 0; path = TindyUITests.xctest; sourceTree = BUILT_PRODUCTS_DIR; };
		76F7DC7E1E95DA0500D8363A /* TindyUITests.swift */ = {isa = PBXFileReference; lastKnownFileType = sourcecode.swift; path = TindyUITests.swift; sourceTree = "<group>"; };
		76F7DC801E95DA0500D8363A /* Info.plist */ = {isa = PBXFileReference; lastKnownFileType = text.plist.xml; path = Info.plist; sourceTree = "<group>"; };
		76F7DC8C1E95DA7200D8363A /* CardsViewController.swift */ = {isa = PBXFileReference; fileEncoding = 4; lastKnownFileType = sourcecode.swift; path = CardsViewController.swift; sourceTree = "<group>"; };
		76F7DC8E1E961AA400D8363A /* ProfileViewController.swift */ = {isa = PBXFileReference; fileEncoding = 4; lastKnownFileType = sourcecode.swift; path = ProfileViewController.swift; sourceTree = "<group>"; };
/* End PBXFileReference section */

/* Begin PBXFrameworksBuildPhase section */
		76F7DC581E95DA0500D8363A /* Frameworks */ = {
			isa = PBXFrameworksBuildPhase;
			buildActionMask = 2147483647;
			files = (
			);
			runOnlyForDeploymentPostprocessing = 0;
		};
		76F7DC6C1E95DA0500D8363A /* Frameworks */ = {
			isa = PBXFrameworksBuildPhase;
			buildActionMask = 2147483647;
			files = (
			);
			runOnlyForDeploymentPostprocessing = 0;
		};
		76F7DC771E95DA0500D8363A /* Frameworks */ = {
			isa = PBXFrameworksBuildPhase;
			buildActionMask = 2147483647;
			files = (
			);
			runOnlyForDeploymentPostprocessing = 0;
		};
/* End PBXFrameworksBuildPhase section */

/* Begin PBXGroup section */
		76F7DC521E95DA0500D8363A = {
			isa = PBXGroup;
			children = (
				76F7DC5D1E95DA0500D8363A /* Tindy */,
				76F7DC721E95DA0500D8363A /* TindyTests */,
				76F7DC7D1E95DA0500D8363A /* TindyUITests */,
				76F7DC5C1E95DA0500D8363A /* Products */,
			);
			sourceTree = "<group>";
		};
		76F7DC5C1E95DA0500D8363A /* Products */ = {
			isa = PBXGroup;
			children = (
				76F7DC5B1E95DA0500D8363A /* Tindy.app */,
				76F7DC6F1E95DA0500D8363A /* TindyTests.xctest */,
				76F7DC7A1E95DA0500D8363A /* TindyUITests.xctest */,
			);
			name = Products;
			sourceTree = "<group>";
		};
		76F7DC5D1E95DA0500D8363A /* Tindy */ = {
			isa = PBXGroup;
			children = (
				76F7DC5E1E95DA0500D8363A /* AppDelegate.swift */,
				76F7DC601E95DA0500D8363A /* ViewController.swift */,
				76F7DC8C1E95DA7200D8363A /* CardsViewController.swift */,
				76F7DC621E95DA0500D8363A /* Main.storyboard */,
				76F7DC651E95DA0500D8363A /* Assets.xcassets */,
				76F7DC671E95DA0500D8363A /* LaunchScreen.storyboard */,
				76F7DC6A1E95DA0500D8363A /* Info.plist */,
				76F7DC8E1E961AA400D8363A /* ProfileViewController.swift */,
			);
			path = Tindy;
			sourceTree = "<group>";
		};
		76F7DC721E95DA0500D8363A /* TindyTests */ = {
			isa = PBXGroup;
			children = (
				76F7DC731E95DA0500D8363A /* TindyTests.swift */,
				76F7DC751E95DA0500D8363A /* Info.plist */,
			);
			path = TindyTests;
			sourceTree = "<group>";
		};
		76F7DC7D1E95DA0500D8363A /* TindyUITests */ = {
			isa = PBXGroup;
			children = (
				76F7DC7E1E95DA0500D8363A /* TindyUITests.swift */,
				76F7DC801E95DA0500D8363A /* Info.plist */,
			);
			path = TindyUITests;
			sourceTree = "<group>";
		};
/* End PBXGroup section */

/* Begin PBXNativeTarget section */
		76F7DC5A1E95DA0500D8363A /* Tindy */ = {
			isa = PBXNativeTarget;
			buildConfigurationList = 76F7DC831E95DA0500D8363A /* Build configuration list for PBXNativeTarget "Tindy" */;
			buildPhases = (
				76F7DC571E95DA0500D8363A /* Sources */,
				76F7DC581E95DA0500D8363A /* Frameworks */,
				76F7DC591E95DA0500D8363A /* Resources */,
			);
			buildRules = (
			);
			dependencies = (
			);
			name = Tindy;
			productName = Tindy;
			productReference = 76F7DC5B1E95DA0500D8363A /* Tindy.app */;
			productType = "com.apple.product-type.application";
		};
		76F7DC6E1E95DA0500D8363A /* TindyTests */ = {
			isa = PBXNativeTarget;
			buildConfigurationList = 76F7DC861E95DA0500D8363A /* Build configuration list for PBXNativeTarget "TindyTests" */;
			buildPhases = (
				76F7DC6B1E95DA0500D8363A /* Sources */,
				76F7DC6C1E95DA0500D8363A /* Frameworks */,
				76F7DC6D1E95DA0500D8363A /* Resources */,
			);
			buildRules = (
			);
			dependencies = (
				76F7DC711E95DA0500D8363A /* PBXTargetDependency */,
			);
			name = TindyTests;
			productName = TindyTests;
			productReference = 76F7DC6F1E95DA0500D8363A /* TindyTests.xctest */;
			productType = "com.apple.product-type.bundle.unit-test";
		};
		76F7DC791E95DA0500D8363A /* TindyUITests */ = {
			isa = PBXNativeTarget;
			buildConfigurationList = 76F7DC891E95DA0500D8363A /* Build configuration list for PBXNativeTarget "TindyUITests" */;
			buildPhases = (
				76F7DC761E95DA0500D8363A /* Sources */,
				76F7DC771E95DA0500D8363A /* Frameworks */,
				76F7DC781E95DA0500D8363A /* Resources */,
			);
			buildRules = (
			);
			dependencies = (
				76F7DC7C1E95DA0500D8363A /* PBXTargetDependency */,
			);
			name = TindyUITests;
			productName = TindyUITests;
			productReference = 76F7DC7A1E95DA0500D8363A /* TindyUITests.xctest */;
			productType = "com.apple.product-type.bundle.ui-testing";
		};
/* End PBXNativeTarget section */

/* Begin PBXProject section */
		76F7DC531E95DA0500D8363A /* Project object */ = {
			isa = PBXProject;
			attributes = {
				LastSwiftUpdateCheck = 0830;
				LastUpgradeCheck = 0830;
				ORGANIZATIONNAME = "Savannah McCoy";
				TargetAttributes = {
					76F7DC5A1E95DA0500D8363A = {
						CreatedOnToolsVersion = 8.3;
						DevelopmentTeam = 6ZD82QXX95;
						ProvisioningStyle = Automatic;
					};
					76F7DC6E1E95DA0500D8363A = {
						CreatedOnToolsVersion = 8.3;
						ProvisioningStyle = Automatic;
						TestTargetID = 76F7DC5A1E95DA0500D8363A;
					};
					76F7DC791E95DA0500D8363A = {
						CreatedOnToolsVersion = 8.3;
						ProvisioningStyle = Automatic;
						TestTargetID = 76F7DC5A1E95DA0500D8363A;
					};
				};
			};
			buildConfigurationList = 76F7DC561E95DA0500D8363A /* Build configuration list for PBXProject "Tindy" */;
			compatibilityVersion = "Xcode 3.2";
			developmentRegion = English;
			hasScannedForEncodings = 0;
			knownRegions = (
				en,
				Base,
			);
			mainGroup = 76F7DC521E95DA0500D8363A;
			productRefGroup = 76F7DC5C1E95DA0500D8363A /* Products */;
			projectDirPath = "";
			projectRoot = "";
			targets = (
				76F7DC5A1E95DA0500D8363A /* Tindy */,
				76F7DC6E1E95DA0500D8363A /* TindyTests */,
				76F7DC791E95DA0500D8363A /* TindyUITests */,
			);
		};
/* End PBXProject section */

/* Begin PBXResourcesBuildPhase section */
		76F7DC591E95DA0500D8363A /* Resources */ = {
			isa = PBXResourcesBuildPhase;
			buildActionMask = 2147483647;
			files = (
				76F7DC691E95DA0500D8363A /* LaunchScreen.storyboard in Resources */,
				76F7DC661E95DA0500D8363A /* Assets.xcassets in Resources */,
				76F7DC641E95DA0500D8363A /* Main.storyboard in Resources */,
			);
			runOnlyForDeploymentPostprocessing = 0;
		};
		76F7DC6D1E95DA0500D8363A /* Resources */ = {
			isa = PBXResourcesBuildPhase;
			buildActionMask = 2147483647;
			files = (
			);
			runOnlyForDeploymentPostprocessing = 0;
		};
		76F7DC781E95DA0500D8363A /* Resources */ = {
			isa = PBXResourcesBuildPhase;
			buildActionMask = 2147483647;
			files = (
			);
			runOnlyForDeploymentPostprocessing = 0;
		};
/* End PBXResourcesBuildPhase section */

/* Begin PBXSourcesBuildPhase section */
		76F7DC571E95DA0500D8363A /* Sources */ = {
			isa = PBXSourcesBuildPhase;
			buildActionMask = 2147483647;
			files = (
				76F7DC611E95DA0500D8363A /* ViewController.swift in Sources */,
				76F7DC5F1E95DA0500D8363A /* AppDelegate.swift in Sources */,
				76F7DC8F1E961AA400D8363A /* ProfileViewController.swift in Sources */,
				76F7DC8D1E95DA7200D8363A /* CardsViewController.swift in Sources */,
			);
			runOnlyForDeploymentPostprocessing = 0;
		};
		76F7DC6B1E95DA0500D8363A /* Sources */ = {
			isa = PBXSourcesBuildPhase;
			buildActionMask = 2147483647;
			files = (
				76F7DC741E95DA0500D8363A /* TindyTests.swift in Sources */,
			);
			runOnlyForDeploymentPostprocessing = 0;
		};
		76F7DC761E95DA0500D8363A /* Sources */ = {
			isa = PBXSourcesBuildPhase;
			buildActionMask = 2147483647;
			files = (
				76F7DC7F1E95DA0500D8363A /* TindyUITests.swift in Sources */,
			);
			runOnlyForDeploymentPostprocessing = 0;
		};
/* End PBXSourcesBuildPhase section */

/* Begin PBXTargetDependency section */
		76F7DC711E95DA0500D8363A /* PBXTargetDependency */ = {
			isa = PBXTargetDependency;
			target = 76F7DC5A1E95DA0500D8363A /* Tindy */;
			targetProxy = 76F7DC701E95DA0500D8363A /* PBXContainerItemProxy */;
		};
		76F7DC7C1E95DA0500D8363A /* PBXTargetDependency */ = {
			isa = PBXTargetDependency;
			target = 76F7DC5A1E95DA0500D8363A /* Tindy */;
			targetProxy = 76F7DC7B1E95DA0500D8363A /* PBXContainerItemProxy */;
		};
/* End PBXTargetDependency section */

/* Begin PBXVariantGroup section */
		76F7DC621E95DA0500D8363A /* Main.storyboard */ = {
			isa = PBXVariantGroup;
			children = (
				76F7DC631E95DA0500D8363A /* Base */,
			);
			name = Main.storyboard;
			sourceTree = "<group>";
		};
		76F7DC671E95DA0500D8363A /* LaunchScreen.storyboard */ = {
			isa = PBXVariantGroup;
			children = (
				76F7DC681E95DA0500D8363A /* Base */,
			);
			name = LaunchScreen.storyboard;
			sourceTree = "<group>";
		};
/* End PBXVariantGroup section */

/* Begin XCBuildConfiguration section */
		76F7DC811E95DA0500D8363A /* Debug */ = {
			isa = XCBuildConfiguration;
			buildSettings = {
				ALWAYS_SEARCH_USER_PATHS = NO;
				CLANG_ANALYZER_NONNULL = YES;
				CLANG_ANALYZER_NUMBER_OBJECT_CONVERSION = YES_AGGRESSIVE;
				CLANG_CXX_LANGUAGE_STANDARD = "gnu++0x";
				CLANG_CXX_LIBRARY = "libc++";
				CLANG_ENABLE_MODULES = YES;
				CLANG_ENABLE_OBJC_ARC = YES;
				CLANG_WARN_BOOL_CONVERSION = YES;
				CLANG_WARN_CONSTANT_CONVERSION = YES;
				CLANG_WARN_DIRECT_OBJC_ISA_USAGE = YES_ERROR;
				CLANG_WARN_DOCUMENTATION_COMMENTS = YES;
				CLANG_WARN_EMPTY_BODY = YES;
				CLANG_WARN_ENUM_CONVERSION = YES;
				CLANG_WARN_INFINITE_RECURSION = YES;
				CLANG_WARN_INT_CONVERSION = YES;
				CLANG_WARN_OBJC_ROOT_CLASS = YES_ERROR;
				CLANG_WARN_SUSPICIOUS_MOVE = YES;
				CLANG_WARN_UNREACHABLE_CODE = YES;
				CLANG_WARN__DUPLICATE_METHOD_MATCH = YES;
				"CODE_SIGN_IDENTITY[sdk=iphoneos*]" = "iPhone Developer";
				COPY_PHASE_STRIP = NO;
				DEBUG_INFORMATION_FORMAT = dwarf;
				ENABLE_STRICT_OBJC_MSGSEND = YES;
				ENABLE_TESTABILITY = YES;
				GCC_C_LANGUAGE_STANDARD = gnu99;
				GCC_DYNAMIC_NO_PIC = NO;
				GCC_NO_COMMON_BLOCKS = YES;
				GCC_OPTIMIZATION_LEVEL = 0;
				GCC_PREPROCESSOR_DEFINITIONS = (
					"DEBUG=1",
					"$(inherited)",
				);
				GCC_WARN_64_TO_32_BIT_CONVERSION = YES;
				GCC_WARN_ABOUT_RETURN_TYPE = YES_ERROR;
				GCC_WARN_UNDECLARED_SELECTOR = YES;
				GCC_WARN_UNINITIALIZED_AUTOS = YES_AGGRESSIVE;
				GCC_WARN_UNUSED_FUNCTION = YES;
				GCC_WARN_UNUSED_VARIABLE = YES;
				IPHONEOS_DEPLOYMENT_TARGET = 10.3;
				MTL_ENABLE_DEBUG_INFO = YES;
				ONLY_ACTIVE_ARCH = YES;
				SDKROOT = iphoneos;
				SWIFT_ACTIVE_COMPILATION_CONDITIONS = DEBUG;
				SWIFT_OPTIMIZATION_LEVEL = "-Onone";
				TARGETED_DEVICE_FAMILY = "1,2";
			};
			name = Debug;
		};
		76F7DC821E95DA0500D8363A /* Release */ = {
			isa = XCBuildConfiguration;
			buildSettings = {
				ALWAYS_SEARCH_USER_PATHS = NO;
				CLANG_ANALYZER_NONNULL = YES;
				CLANG_ANALYZER_NUMBER_OBJECT_CONVERSION = YES_AGGRESSIVE;
				CLANG_CXX_LANGUAGE_STANDARD = "gnu++0x";
				CLANG_CXX_LIBRARY = "libc++";
				CLANG_ENABLE_MODULES = YES;
				CLANG_ENABLE_OBJC_ARC = YES;
				CLANG_WARN_BOOL_CONVERSION = YES;
				CLANG_WARN_CONSTANT_CONVERSION = YES;
				CLANG_WARN_DIRECT_OBJC_ISA_USAGE = YES_ERROR;
				CLANG_WARN_DOCUMENTATION_COMMENTS = YES;
				CLANG_WARN_EMPTY_BODY = YES;
				CLANG_WARN_ENUM_CONVERSION = YES;
				CLANG_WARN_INFINITE_RECURSION = YES;
				CLANG_WARN_INT_CONVERSION = YES;
				CLANG_WARN_OBJC_ROOT_CLASS = YES_ERROR;
				CLANG_WARN_SUSPICIOUS_MOVE = YES;
				CLANG_WARN_UNREACHABLE_CODE = YES;
				CLANG_WARN__DUPLICATE_METHOD_MATCH = YES;
				"CODE_SIGN_IDENTITY[sdk=iphoneos*]" = "iPhone Developer";
				COPY_PHASE_STRIP = NO;
				DEBUG_INFORMATION_FORMAT = "dwarf-with-dsym";
				ENABLE_NS_ASSERTIONS = NO;
				ENABLE_STRICT_OBJC_MSGSEND = YES;
				GCC_C_LANGUAGE_STANDARD = gnu99;
				GCC_NO_COMMON_BLOCKS = YES;
				GCC_WARN_64_TO_32_BIT_CONVERSION = YES;
				GCC_WARN_ABOUT_RETURN_TYPE = YES_ERROR;
				GCC_WARN_UNDECLARED_SELECTOR = YES;
				GCC_WARN_UNINITIALIZED_AUTOS = YES_AGGRESSIVE;
				GCC_WARN_UNUSED_FUNCTION = YES;
				GCC_WARN_UNUSED_VARIABLE = YES;
				IPHONEOS_DEPLOYMENT_TARGET = 10.3;
				MTL_ENABLE_DEBUG_INFO = NO;
				SDKROOT = iphoneos;
				SWIFT_OPTIMIZATION_LEVEL = "-Owholemodule";
				TARGETED_DEVICE_FAMILY = "1,2";
				VALIDATE_PRODUCT = YES;
			};
			name = Release;
		};
		76F7DC841E95DA0500D8363A /* Debug */ = {
			isa = XCBuildConfiguration;
			buildSettings = {
				ASSETCATALOG_COMPILER_APPICON_NAME = AppIcon;
				DEVELOPMENT_TEAM = 6ZD82QXX95;
				INFOPLIST_FILE = Tindy/Info.plist;
				IPHONEOS_DEPLOYMENT_TARGET = 10.2;
				LD_RUNPATH_SEARCH_PATHS = "$(inherited) @executable_path/Frameworks";
				PRODUCT_BUNDLE_IDENTIFIER = svm.Tindy;
				PRODUCT_NAME = "$(TARGET_NAME)";
				SWIFT_VERSION = 3.0;
			};
			name = Debug;
		};
		76F7DC851E95DA0500D8363A /* Release */ = {
			isa = XCBuildConfiguration;
			buildSettings = {
				ASSETCATALOG_COMPILER_APPICON_NAME = AppIcon;
				DEVELOPMENT_TEAM = 6ZD82QXX95;
				INFOPLIST_FILE = Tindy/Info.plist;
				IPHONEOS_DEPLOYMENT_TARGET = 10.2;
				LD_RUNPATH_SEARCH_PATHS = "$(inherited) @executable_path/Frameworks";
				PRODUCT_BUNDLE_IDENTIFIER = svm.Tindy;
				PRODUCT_NAME = "$(TARGET_NAME)";
				SWIFT_VERSION = 3.0;
			};
			name = Release;
		};
		76F7DC871E95DA0500D8363A /* Debug */ = {
			isa = XCBuildConfiguration;
			buildSettings = {
				ALWAYS_EMBED_SWIFT_STANDARD_LIBRARIES = YES;
				BUNDLE_LOADER = "$(TEST_HOST)";
				INFOPLIST_FILE = TindyTests/Info.plist;
				LD_RUNPATH_SEARCH_PATHS = "$(inherited) @executable_path/Frameworks @loader_path/Frameworks";
				PRODUCT_BUNDLE_IDENTIFIER = svm.TindyTests;
				PRODUCT_NAME = "$(TARGET_NAME)";
				SWIFT_VERSION = 3.0;
				TEST_HOST = "$(BUILT_PRODUCTS_DIR)/Tindy.app/Tindy";
			};
			name = Debug;
		};
		76F7DC881E95DA0500D8363A /* Release */ = {
			isa = XCBuildConfiguration;
			buildSettings = {
				ALWAYS_EMBED_SWIFT_STANDARD_LIBRARIES = YES;
				BUNDLE_LOADER = "$(TEST_HOST)";
				INFOPLIST_FILE = TindyTests/Info.plist;
				LD_RUNPATH_SEARCH_PATHS = "$(inherited) @executable_path/Frameworks @loader_path/Frameworks";
				PRODUCT_BUNDLE_IDENTIFIER = svm.TindyTests;
				PRODUCT_NAME = "$(TARGET_NAME)";
				SWIFT_VERSION = 3.0;
				TEST_HOST = "$(BUILT_PRODUCTS_DIR)/Tindy.app/Tindy";
			};
			name = Release;
		};
		76F7DC8A1E95DA0500D8363A /* Debug */ = {
			isa = XCBuildConfiguration;
			buildSettings = {
				ALWAYS_EMBED_SWIFT_STANDARD_LIBRARIES = YES;
				INFOPLIST_FILE = TindyUITests/Info.plist;
				LD_RUNPATH_SEARCH_PATHS = "$(inherited) @executable_path/Frameworks @loader_path/Frameworks";
				PRODUCT_BUNDLE_IDENTIFIER = svm.TindyUITests;
				PRODUCT_NAME = "$(TARGET_NAME)";
				SWIFT_VERSION = 3.0;
				TEST_TARGET_NAME = Tindy;
			};
			name = Debug;
		};
		76F7DC8B1E95DA0500D8363A /* Release */ = {
			isa = XCBuildConfiguration;
			buildSettings = {
				ALWAYS_EMBED_SWIFT_STANDARD_LIBRARIES = YES;
				INFOPLIST_FILE = TindyUITests/Info.plist;
				LD_RUNPATH_SEARCH_PATHS = "$(inherited) @executable_path/Frameworks @loader_path/Frameworks";
				PRODUCT_BUNDLE_IDENTIFIER = svm.TindyUITests;
				PRODUCT_NAME = "$(TARGET_NAME)";
				SWIFT_VERSION = 3.0;
				TEST_TARGET_NAME = Tindy;
			};
			name = Release;
		};
/* End XCBuildConfiguration section */

/* Begin XCConfigurationList section */
		76F7DC561E95DA0500D8363A /* Build configuration list for PBXProject "Tindy" */ = {
			isa = XCConfigurationList;
			buildConfigurations = (
				76F7DC811E95DA0500D8363A /* Debug */,
				76F7DC821E95DA0500D8363A /* Release */,
			);
			defaultConfigurationIsVisible = 0;
			defaultConfigurationName = Release;
		};
		76F7DC831E95DA0500D8363A /* Build configuration list for PBXNativeTarget "Tindy" */ = {
			isa = XCConfigurationList;
			buildConfigurations = (
				76F7DC841E95DA0500D8363A /* Debug */,
				76F7DC851E95DA0500D8363A /* Release */,
			);
			defaultConfigurationIsVisible = 0;
		};
		76F7DC861E95DA0500D8363A /* Build configuration list for PBXNativeTarget "TindyTests" */ = {
			isa = XCConfigurationList;
			buildConfigurations = (
				76F7DC871E95DA0500D8363A /* Debug */,
				76F7DC881E95DA0500D8363A /* Release */,
			);
			defaultConfigurationIsVisible = 0;
		};
		76F7DC891E95DA0500D8363A /* Build configuration list for PBXNativeTarget "TindyUITests" */ = {
			isa = XCConfigurationList;
			buildConfigurations = (
				76F7DC8A1E95DA0500D8363A /* Debug */,
				76F7DC8B1E95DA0500D8363A /* Release */,
			);
			defaultConfigurationIsVisible = 0;
		};
/* End XCConfigurationList section */
	};
	rootObject = 76F7DC531E95DA0500D8363A /* Project object */;
}
